
Microsoft Visual Studio Solution File, Format Version 12.00
# Visual Studio Version 17
VisualStudioVersion = 17.1.32210.238
MinimumVisualStudioVersion = 10.0.40219.1
Project("{9A19103F-16F7-4668-BE54-9A1E7A4F7556}") = "Rennorb.Logging", "src/Rennorb.Logging.csproj", "{2F868441-5643-4998-AC52-36BBE606F713}"
EndProject
Global
	GlobalSection(SolutionConfigurationPlatforms) = preSolution
		Debug|Any CPU = Debug|Any CPU
		Release|Any CPU = Release|Any CPU
	EndGlobalSection
	GlobalSection(ProjectConfigurationPlatforms) = postSolution
		{2F868441-5643-4998-AC52-36BBE606F713}.Debug|Any CPU.ActiveCfg = Debug|Any CPU
		{2F868441-5643-4998-AC52-36BBE606F713}.Debug|Any CPU.Build.0 = Debug|Any CPU
		{2F868441-5643-4998-AC52-36BBE606F713}.Release|Any CPU.ActiveCfg = Release|Any CPU
		{2F868441-5643-4998-AC52-36BBE606F713}.Release|Any CPU.Build.0 = Release|Any CPU
	EndGlobalSection
	GlobalSection(SolutionProperties) = preSolution
		HideSolutionNode = FALSE
	EndGlobalSection
	GlobalSection(ExtensibilityGlobals) = postSolution
		SolutionGuid = {86B73DE2-F710-479D-92F7-ECB583305A28}
	EndGlobalSection
EndGlobal
